
Microsoft Visual Studio Solution File, Format Version 12.00
# Visual Studio Version 17
VisualStudioVersion = 17.0.31903.59
MinimumVisualStudioVersion = 10.0.40219.1
Project("{2150E333-8FDC-42A3-9474-1A3956D46DE8}") = "src", "src", "{827E0CD3-B72D-47B6-A68D-7590B98EB39B}"
EndProject
Project("{2150E333-8FDC-42A3-9474-1A3956D46DE8}") = "Core", "Core", "{8D626EA8-CB54-BC41-363A-217881BEBA6E}"
EndProject
Project("{FAE04EC0-301F-11D3-BF4B-00C04F79EFBC}") = "HrmPlatform.Domain", "src\Core\HrmPlatform.Domain\HrmPlatform.Domain.csproj", "{27AC2CC5-7E17-4E96-8B6B-9D459E81E4AA}"
EndProject
Project("{FAE04EC0-301F-11D3-BF4B-00C04F79EFBC}") = "HrmPlatform.Application", "src\Core\HrmPlatform.Application\HrmPlatform.Application.csproj", "{117EA9BD-F0D6-4451-BC79-3F01C657D573}"
EndProject
Project("{2150E333-8FDC-42A3-9474-1A3956D46DE8}") = "Infrastructure", "Infrastructure", "{9048EB7F-3875-A59E-E36B-5BD4C6F2A282}"
EndProject
Project("{FAE04EC0-301F-11D3-BF4B-00C04F79EFBC}") = "HrmPlatform.Infrastructure", "src\Infrastructure\HrmPlatform.Infrastructure\HrmPlatform.Infrastructure.csproj", "{211D17D5-EB86-4AA0-B42B-4410E7BE49A5}"
EndProject
Project("{2150E333-8FDC-42A3-9474-1A3956D46DE8}") = "tests", "tests", "{0AB3BF05-4346-4AA6-1389-037BE0695223}"
EndProject
Project("{FAE04EC0-301F-11D3-BF4B-00C04F79EFBC}") = "HrmPlatform.Infrastructure.Tests", "tests\HrmPlatform.Infrastructure.Tests\HrmPlatform.Infrastructure.Tests.csproj", "{1F6B9FB2-EC9A-4EFC-9722-69C35B57D697}"
EndProject
Project("{2150E333-8FDC-42A3-9474-1A3956D46DE8}") = "Presentation", "Presentation", "{6996BBF7-DB31-59BC-C7DD-9A7CCC6138C4}"
EndProject
Project("{FAE04EC0-301F-11D3-BF4B-00C04F79EFBC}") = "HrmPlatform.WebApi", "src\Presentation\HrmPlatform.WebApi\HrmPlatform.WebApi.csproj", "{BA12B8AB-8005-492D-8B31-165BF2722688}"
EndProject
Global
	GlobalSection(SolutionConfigurationPlatforms) = preSolution
		Debug|Any CPU = Debug|Any CPU
		Debug|x64 = Debug|x64
		Debug|x86 = Debug|x86
		Release|Any CPU = Release|Any CPU
		Release|x64 = Release|x64
		Release|x86 = Release|x86
	EndGlobalSection
	GlobalSection(ProjectConfigurationPlatforms) = postSolution
		{27AC2CC5-7E17-4E96-8B6B-9D459E81E4AA}.Debug|Any CPU.ActiveCfg = Debug|Any CPU
		{27AC2CC5-7E17-4E96-8B6B-9D459E81E4AA}.Debug|Any CPU.Build.0 = Debug|Any CPU
		{27AC2CC5-7E17-4E96-8B6B-9D459E81E4AA}.Debug|x64.ActiveCfg = Debug|Any CPU
		{27AC2CC5-7E17-4E96-8B6B-9D459E81E4AA}.Debug|x64.Build.0 = Debug|Any CPU
		{27AC2CC5-7E17-4E96-8B6B-9D459E81E4AA}.Debug|x86.ActiveCfg = Debug|Any CPU
		{27AC2CC5-7E17-4E96-8B6B-9D459E81E4AA}.Debug|x86.Build.0 = Debug|Any CPU
		{27AC2CC5-7E17-4E96-8B6B-9D459E81E4AA}.Release|Any CPU.ActiveCfg = Release|Any CPU
		{27AC2CC5-7E17-4E96-8B6B-9D459E81E4AA}.Release|Any CPU.Build.0 = Release|Any CPU
		{27AC2CC5-7E17-4E96-8B6B-9D459E81E4AA}.Release|x64.ActiveCfg = Release|Any CPU
		{27AC2CC5-7E17-4E96-8B6B-9D459E81E4AA}.Release|x64.Build.0 = Release|Any CPU
		{27AC2CC5-7E17-4E96-8B6B-9D459E81E4AA}.Release|x86.ActiveCfg = Release|Any CPU
		{27AC2CC5-7E17-4E96-8B6B-9D459E81E4AA}.Release|x86.Build.0 = Release|Any CPU
		{117EA9BD-F0D6-4451-BC79-3F01C657D573}.Debug|Any CPU.ActiveCfg = Debug|Any CPU
		{117EA9BD-F0D6-4451-BC79-3F01C657D573}.Debug|Any CPU.Build.0 = Debug|Any CPU
		{117EA9BD-F0D6-4451-BC79-3F01C657D573}.Debug|x64.ActiveCfg = Debug|Any CPU
		{117EA9BD-F0D6-4451-BC79-3F01C657D573}.Debug|x64.Build.0 = Debug|Any CPU
		{117EA9BD-F0D6-4451-BC79-3F01C657D573}.Debug|x86.ActiveCfg = Debug|Any CPU
		{117EA9BD-F0D6-4451-BC79-3F01C657D573}.Debug|x86.Build.0 = Debug|Any CPU
		{117EA9BD-F0D6-4451-BC79-3F01C657D573}.Release|Any CPU.ActiveCfg = Release|Any CPU
		{117EA9BD-F0D6-4451-BC79-3F01C657D573}.Release|Any CPU.Build.0 = Release|Any CPU
		{117EA9BD-F0D6-4451-BC79-3F01C657D573}.Release|x64.ActiveCfg = Release|Any CPU
		{117EA9BD-F0D6-4451-BC79-3F01C657D573}.Release|x64.Build.0 = Release|Any CPU
		{117EA9BD-F0D6-4451-BC79-3F01C657D573}.Release|x86.ActiveCfg = Release|Any CPU
		{117EA9BD-F0D6-4451-BC79-3F01C657D573}.Release|x86.Build.0 = Release|Any CPU
		{211D17D5-EB86-4AA0-B42B-4410E7BE49A5}.Debug|Any CPU.ActiveCfg = Debug|Any CPU
		{211D17D5-EB86-4AA0-B42B-4410E7BE49A5}.Debug|Any CPU.Build.0 = Debug|Any CPU
		{211D17D5-EB86-4AA0-B42B-4410E7BE49A5}.Debug|x64.ActiveCfg = Debug|Any CPU
		{211D17D5-EB86-4AA0-B42B-4410E7BE49A5}.Debug|x64.Build.0 = Debug|Any CPU
		{211D17D5-EB86-4AA0-B42B-4410E7BE49A5}.Debug|x86.ActiveCfg = Debug|Any CPU
		{211D17D5-EB86-4AA0-B42B-4410E7BE49A5}.Debug|x86.Build.0 = Debug|Any CPU
		{211D17D5-EB86-4AA0-B42B-4410E7BE49A5}.Release|Any CPU.ActiveCfg = Release|Any CPU
		{211D17D5-EB86-4AA0-B42B-4410E7BE49A5}.Release|Any CPU.Build.0 = Release|Any CPU
		{211D17D5-EB86-4AA0-B42B-4410E7BE49A5}.Release|x64.ActiveCfg = Release|Any CPU
		{211D17D5-EB86-4AA0-B42B-4410E7BE49A5}.Release|x64.Build.0 = Release|Any CPU
		{211D17D5-EB86-4AA0-B42B-4410E7BE49A5}.Release|x86.ActiveCfg = Release|Any CPU
		{211D17D5-EB86-4AA0-B42B-4410E7BE49A5}.Release|x86.Build.0 = Release|Any CPU
		{1F6B9FB2-EC9A-4EFC-9722-69C35B57D697}.Debug|Any CPU.ActiveCfg = Debug|Any CPU
		{1F6B9FB2-EC9A-4EFC-9722-69C35B57D697}.Debug|Any CPU.Build.0 = Debug|Any CPU
		{1F6B9FB2-EC9A-4EFC-9722-69C35B57D697}.Debug|x64.ActiveCfg = Debug|Any CPU
		{1F6B9FB2-EC9A-4EFC-9722-69C35B57D697}.Debug|x64.Build.0 = Debug|Any CPU
		{1F6B9FB2-EC9A-4EFC-9722-69C35B57D697}.Debug|x86.ActiveCfg = Debug|Any CPU
		{1F6B9FB2-EC9A-4EFC-9722-69C35B57D697}.Debug|x86.Build.0 = Debug|Any CPU
		{1F6B9FB2-EC9A-4EFC-9722-69C35B57D697}.Release|Any CPU.ActiveCfg = Release|Any CPU
		{1F6B9FB2-EC9A-4EFC-9722-69C35B57D697}.Release|Any CPU.Build.0 = Release|Any CPU
		{1F6B9FB2-EC9A-4EFC-9722-69C35B57D697}.Release|x64.ActiveCfg = Release|Any CPU
		{1F6B9FB2-EC9A-4EFC-9722-69C35B57D697}.Release|x64.Build.0 = Release|Any CPU
		{1F6B9FB2-EC9A-4EFC-9722-69C35B57D697}.Release|x86.ActiveCfg = Release|Any CPU
		{1F6B9FB2-EC9A-4EFC-9722-69C35B57D697}.Release|x86.Build.0 = Release|Any CPU
		{BA12B8AB-8005-492D-8B31-165BF2722688}.Debug|Any CPU.ActiveCfg = Debug|Any CPU
		{BA12B8AB-8005-492D-8B31-165BF2722688}.Debug|Any CPU.Build.0 = Debug|Any CPU
		{BA12B8AB-8005-492D-8B31-165BF2722688}.Debug|x64.ActiveCfg = Debug|Any CPU
		{BA12B8AB-8005-492D-8B31-165BF2722688}.Debug|x64.Build.0 = Debug|Any CPU
		{BA12B8AB-8005-492D-8B31-165BF2722688}.Debug|x86.ActiveCfg = Debug|Any CPU
		{BA12B8AB-8005-492D-8B31-165BF2722688}.Debug|x86.Build.0 = Debug|Any CPU
		{BA12B8AB-8005-492D-8B31-165BF2722688}.Release|Any CPU.ActiveCfg = Release|Any CPU
		{BA12B8AB-8005-492D-8B31-165BF2722688}.Release|Any CPU.Build.0 = Release|Any CPU
		{BA12B8AB-8005-492D-8B31-165BF2722688}.Release|x64.ActiveCfg = Release|Any CPU
		{BA12B8AB-8005-492D-8B31-165BF2722688}.Release|x64.Build.0 = Release|Any CPU
		{BA12B8AB-8005-492D-8B31-165BF2722688}.Release|x86.ActiveCfg = Release|Any CPU
		{BA12B8AB-8005-492D-8B31-165BF2722688}.Release|x86.Build.0 = Release|Any CPU
	EndGlobalSection
	GlobalSection(SolutionProperties) = preSolution
		HideSolutionNode = FALSE
	EndGlobalSection
	GlobalSection(NestedProjects) = preSolution
		{8D626EA8-CB54-BC41-363A-217881BEBA6E} = {827E0CD3-B72D-47B6-A68D-7590B98EB39B}
		{27AC2CC5-7E17-4E96-8B6B-9D459E81E4AA} = {8D626EA8-CB54-BC41-363A-217881BEBA6E}
		{117EA9BD-F0D6-4451-BC79-3F01C657D573} = {8D626EA8-CB54-BC41-363A-217881BEBA6E}
		{9048EB7F-3875-A59E-E36B-5BD4C6F2A282} = {827E0CD3-B72D-47B6-A68D-7590B98EB39B}
		{211D17D5-EB86-4AA0-B42B-4410E7BE49A5} = {9048EB7F-3875-A59E-E36B-5BD4C6F2A282}
		{1F6B9FB2-EC9A-4EFC-9722-69C35B57D697} = {0AB3BF05-4346-4AA6-1389-037BE0695223}
		{6996BBF7-DB31-59BC-C7DD-9A7CCC6138C4} = {827E0CD3-B72D-47B6-A68D-7590B98EB39B}
		{BA12B8AB-8005-492D-8B31-165BF2722688} = {6996BBF7-DB31-59BC-C7DD-9A7CCC6138C4}
	EndGlobalSection
EndGlobal
